
Microsoft Visual Studio Solution File, Format Version 12.00
# Visual Studio Version 17
VisualStudioVersion = 17.1.32414.318
MinimumVisualStudioVersion = 10.0.40219.1
Project("{888888A0-9F3D-457C-B088-3A5042F75D52}") = "Minecraft bot2", "Minecraft bot2\Minecraft bot2.pyproj", "{602EF25A-ADE0-4CB0-A8E2-302D7B671CC7}"
EndProject
Global
	GlobalSection(SolutionConfigurationPlatforms) = preSolution
		Debug|Any CPU = Debug|Any CPU
		Release|Any CPU = Release|Any CPU
	EndGlobalSection
	GlobalSection(ProjectConfigurationPlatforms) = postSolution
		{602EF25A-ADE0-4CB0-A8E2-302D7B671CC7}.Debug|Any CPU.ActiveCfg = Debug|Any CPU
		{602EF25A-ADE0-4CB0-A8E2-302D7B671CC7}.Release|Any CPU.ActiveCfg = Release|Any CPU
	EndGlobalSection
	GlobalSection(SolutionProperties) = preSolution
		HideSolutionNode = FALSE
	EndGlobalSection
	GlobalSection(ExtensibilityGlobals) = postSolution
		SolutionGuid = {EBFFFE20-BF95-4EA3-B9C2-216D7551B929}
	EndGlobalSection
EndGlobal
